<?xml version="1.0" encoding="UTF-8" standalone="yes" ?>
<CodeBlocks_project_file>
	<FileVersion major="1" minor="6" />
	<Project>
		<Option title="cpphtmltags" />
		<Option pch_mode="2" />
		<Option compiler="gcc" />
		<Build>
			<Target title="main1">
				<Option output="./main1" prefix_auto="1" extension_auto="1" />
				<Option object_output="./" />
				<Option type="1" />
				<Option compiler="gcc" />
				<Compiler>
					<Add option="-O2" />
				</Compiler>
				<Linker>
					<Add option="-s" />
				</Linker>
			</Target>
			<Target title="main2">
				<Option output="./main2" prefix_auto="1" extension_auto="1" />
				<Option object_output="./" />
				<Option type="1" />
				<Option compiler="gcc" />
				<Compiler>
					<Add option="-O2" />
				</Compiler>
				<Linker>
					<Add option="-s" />
				</Linker>
			</Target>
			<Target title="supported">
				<Option output="./cpphtmltags" prefix_auto="1" extension_auto="1" />
				<Option object_output="./" />
				<Option type="1" />
				<Option compiler="gcc" />
				<Compiler>
					<Add option="-O2" />
				</Compiler>
				<Linker>
					<Add option="-s" />
				</Linker>
			</Target>
			<Target title="test2">
				<Option output="./cpphtmltags" prefix_auto="1" extension_auto="1" />
				<Option object_output="./" />
				<Option type="1" />
				<Option compiler="gcc" />
				<Compiler>
					<Add option="-O2" />
				</Compiler>
				<Linker>
					<Add option="-s" />
				</Linker>
			</Target>
		</Build>
		<Compiler>
			<Add option="-Wall" />
			<Add option="-std=c++11" />
		</Compiler>
		<Unit filename="Doxyfile">
			<Option target="&lt;{~None~}&gt;" />
		</Unit>
		<Unit filename="Makefile">
			<Option target="&lt;{~None~}&gt;" />
		</Unit>
		<Unit filename="README.md">
			<Option target="&lt;{~None~}&gt;" />
		</Unit>
		<Unit filename="build.sh" />
		<Unit filename="cpphtmltags.hpp">
			<Option target="main1" />
			<Option target="supported" />
			<Option target="main2" />
		</Unit>
		<Unit filename="cpphtmltags_1.hh" />
		<Unit filename="cpphtmltags_2.hh" />
		<Unit filename="dev_info.md" />
		<Unit filename="manual.md" />
		<Unit filename="ref/global_attribs.ref" />
		<Unit filename="ref/tags.ref" />
		<Unit filename="ref/valid_attribs.ref" />
		<Unit filename="ref/void_elements.ref" />
		<Unit filename="tests/supported.cpp">
			<Option target="supported" />
		</Unit>
		<Unit filename="tests/test1.cpp">
			<Option target="main1" />
		</Unit>
		<Unit filename="tests/test2.cpp">
			<Option target="main2" />
		</Unit>
		<Unit filename="tests/test_A.cpp">
			<Option target="test2" />
		</Unit>
		<Extensions>
			<envvars />
			<code_completion />
			<lib_finder disable_auto="1" />
			<debugger />
		</Extensions>
	</Project>
</CodeBlocks_project_file>
